
Microsoft Visual Studio Solution File, Format Version 12.00
# Visual Studio Version 17
VisualStudioVersion = 17.0.31903.59
MinimumVisualStudioVersion = 10.0.40219.1
Project("{FAE04EC0-301F-11D3-BF4B-00C04F79EFBC}") = "TournamentPlatformSystemWebApi.Core", "TournamentPlatformSystemWebApi.Core\TournamentPlatformSystemWebApi.Core.csproj", "{38049E60-90CB-4CB8-B7B9-971C970EF96D}"
EndProject
Project("{FAE04EC0-301F-11D3-BF4B-00C04F79EFBC}") = "TournamentPlatformSystemWebApi.Application", "TournamentPlatformSystemWebApi.Application\TournamentPlatformSystemWebApi.Application.csproj", "{E93F66AA-E40E-4252-9E15-BEFC3022477C}"
EndProject
Project("{FAE04EC0-301F-11D3-BF4B-00C04F79EFBC}") = "TournamentPlatformSystemWebApi.Infrastructure", "TournamentPlatformSystemWebApi.Infrastructure\TournamentPlatformSystemWebApi.Infrastructure.csproj", "{C89ABBFB-2962-47CC-B6A4-8DEFC84E7B19}"
EndProject
Project("{FAE04EC0-301F-11D3-BF4B-00C04F79EFBC}") = "TournamentPlatformSystemWebApi.API", "TournamentPlatformSystemWebApi.API\TournamentPlatformSystemWebApi.API.csproj", "{284DABEE-710A-4751-8C2E-62E454E20B81}"
EndProject
Project("{FAE04EC0-301F-11D3-BF4B-00C04F79EFBC}") = "TournamentPlatformSystemWebApi.Common", "TournamentPlatformSystemWebApi.Common\TournamentPlatformSystemWebApi.Common.csproj", "{8130E2C8-B612-4AE1-B204-E62F509D7FC3}"
EndProject
Project("{FAE04EC0-301F-11D3-BF4B-00C04F79EFBC}") = "Tests", "Tests\Tests.csproj", "{DAB8ED76-5D63-427E-AE9C-2F2F849F5E01}"
EndProject
Global
	GlobalSection(SolutionConfigurationPlatforms) = preSolution
		Debug|Any CPU = Debug|Any CPU
		Debug|x64 = Debug|x64
		Debug|x86 = Debug|x86
		Release|Any CPU = Release|Any CPU
		Release|x64 = Release|x64
		Release|x86 = Release|x86
	EndGlobalSection
	GlobalSection(ProjectConfigurationPlatforms) = postSolution
		{38049E60-90CB-4CB8-B7B9-971C970EF96D}.Debug|Any CPU.ActiveCfg = Debug|Any CPU
		{38049E60-90CB-4CB8-B7B9-971C970EF96D}.Debug|Any CPU.Build.0 = Debug|Any CPU
		{38049E60-90CB-4CB8-B7B9-971C970EF96D}.Debug|x64.ActiveCfg = Debug|Any CPU
		{38049E60-90CB-4CB8-B7B9-971C970EF96D}.Debug|x64.Build.0 = Debug|Any CPU
		{38049E60-90CB-4CB8-B7B9-971C970EF96D}.Debug|x86.ActiveCfg = Debug|Any CPU
		{38049E60-90CB-4CB8-B7B9-971C970EF96D}.Debug|x86.Build.0 = Debug|Any CPU
		{38049E60-90CB-4CB8-B7B9-971C970EF96D}.Release|Any CPU.ActiveCfg = Release|Any CPU
		{38049E60-90CB-4CB8-B7B9-971C970EF96D}.Release|Any CPU.Build.0 = Release|Any CPU
		{38049E60-90CB-4CB8-B7B9-971C970EF96D}.Release|x64.ActiveCfg = Release|Any CPU
		{38049E60-90CB-4CB8-B7B9-971C970EF96D}.Release|x64.Build.0 = Release|Any CPU
		{38049E60-90CB-4CB8-B7B9-971C970EF96D}.Release|x86.ActiveCfg = Release|Any CPU
		{38049E60-90CB-4CB8-B7B9-971C970EF96D}.Release|x86.Build.0 = Release|Any CPU
		{E93F66AA-E40E-4252-9E15-BEFC3022477C}.Debug|Any CPU.ActiveCfg = Debug|Any CPU
		{E93F66AA-E40E-4252-9E15-BEFC3022477C}.Debug|Any CPU.Build.0 = Debug|Any CPU
		{E93F66AA-E40E-4252-9E15-BEFC3022477C}.Debug|x64.ActiveCfg = Debug|Any CPU
		{E93F66AA-E40E-4252-9E15-BEFC3022477C}.Debug|x64.Build.0 = Debug|Any CPU
		{E93F66AA-E40E-4252-9E15-BEFC3022477C}.Debug|x86.ActiveCfg = Debug|Any CPU
		{E93F66AA-E40E-4252-9E15-BEFC3022477C}.Debug|x86.Build.0 = Debug|Any CPU
		{E93F66AA-E40E-4252-9E15-BEFC3022477C}.Release|Any CPU.ActiveCfg = Release|Any CPU
		{E93F66AA-E40E-4252-9E15-BEFC3022477C}.Release|Any CPU.Build.0 = Release|Any CPU
		{E93F66AA-E40E-4252-9E15-BEFC3022477C}.Release|x64.ActiveCfg = Release|Any CPU
		{E93F66AA-E40E-4252-9E15-BEFC3022477C}.Release|x64.Build.0 = Release|Any CPU
		{E93F66AA-E40E-4252-9E15-BEFC3022477C}.Release|x86.ActiveCfg = Release|Any CPU
		{E93F66AA-E40E-4252-9E15-BEFC3022477C}.Release|x86.Build.0 = Release|Any CPU
		{C89ABBFB-2962-47CC-B6A4-8DEFC84E7B19}.Debug|Any CPU.ActiveCfg = Debug|Any CPU
		{C89ABBFB-2962-47CC-B6A4-8DEFC84E7B19}.Debug|Any CPU.Build.0 = Debug|Any CPU
		{C89ABBFB-2962-47CC-B6A4-8DEFC84E7B19}.Debug|x64.ActiveCfg = Debug|Any CPU
		{C89ABBFB-2962-47CC-B6A4-8DEFC84E7B19}.Debug|x64.Build.0 = Debug|Any CPU
		{C89ABBFB-2962-47CC-B6A4-8DEFC84E7B19}.Debug|x86.ActiveCfg = Debug|Any CPU
		{C89ABBFB-2962-47CC-B6A4-8DEFC84E7B19}.Debug|x86.Build.0 = Debug|Any CPU
		{C89ABBFB-2962-47CC-B6A4-8DEFC84E7B19}.Release|Any CPU.ActiveCfg = Release|Any CPU
		{C89ABBFB-2962-47CC-B6A4-8DEFC84E7B19}.Release|Any CPU.Build.0 = Release|Any CPU
		{C89ABBFB-2962-47CC-B6A4-8DEFC84E7B19}.Release|x64.ActiveCfg = Release|Any CPU
		{C89ABBFB-2962-47CC-B6A4-8DEFC84E7B19}.Release|x64.Build.0 = Release|Any CPU
		{C89ABBFB-2962-47CC-B6A4-8DEFC84E7B19}.Release|x86.ActiveCfg = Release|Any CPU
		{C89ABBFB-2962-47CC-B6A4-8DEFC84E7B19}.Release|x86.Build.0 = Release|Any CPU
		{284DABEE-710A-4751-8C2E-62E454E20B81}.Debug|Any CPU.ActiveCfg = Debug|Any CPU
		{284DABEE-710A-4751-8C2E-62E454E20B81}.Debug|Any CPU.Build.0 = Debug|Any CPU
		{284DABEE-710A-4751-8C2E-62E454E20B81}.Debug|x64.ActiveCfg = Debug|Any CPU
		{284DABEE-710A-4751-8C2E-62E454E20B81}.Debug|x64.Build.0 = Debug|Any CPU
		{284DABEE-710A-4751-8C2E-62E454E20B81}.Debug|x86.ActiveCfg = Debug|Any CPU
		{284DABEE-710A-4751-8C2E-62E454E20B81}.Debug|x86.Build.0 = Debug|Any CPU
		{284DABEE-710A-4751-8C2E-62E454E20B81}.Release|Any CPU.ActiveCfg = Release|Any CPU
		{284DABEE-710A-4751-8C2E-62E454E20B81}.Release|Any CPU.Build.0 = Release|Any CPU
		{284DABEE-710A-4751-8C2E-62E454E20B81}.Release|x64.ActiveCfg = Release|Any CPU
		{284DABEE-710A-4751-8C2E-62E454E20B81}.Release|x64.Build.0 = Release|Any CPU
		{284DABEE-710A-4751-8C2E-62E454E20B81}.Release|x86.ActiveCfg = Release|Any CPU
		{284DABEE-710A-4751-8C2E-62E454E20B81}.Release|x86.Build.0 = Release|Any CPU
		{8130E2C8-B612-4AE1-B204-E62F509D7FC3}.Debug|Any CPU.ActiveCfg = Debug|Any CPU
		{8130E2C8-B612-4AE1-B204-E62F509D7FC3}.Debug|Any CPU.Build.0 = Debug|Any CPU
		{8130E2C8-B612-4AE1-B204-E62F509D7FC3}.Debug|x64.ActiveCfg = Debug|Any CPU
		{8130E2C8-B612-4AE1-B204-E62F509D7FC3}.Debug|x64.Build.0 = Debug|Any CPU
		{8130E2C8-B612-4AE1-B204-E62F509D7FC3}.Debug|x86.ActiveCfg = Debug|Any CPU
		{8130E2C8-B612-4AE1-B204-E62F509D7FC3}.Debug|x86.Build.0 = Debug|Any CPU
		{8130E2C8-B612-4AE1-B204-E62F509D7FC3}.Release|Any CPU.ActiveCfg = Release|Any CPU
		{8130E2C8-B612-4AE1-B204-E62F509D7FC3}.Release|Any CPU.Build.0 = Release|Any CPU
		{8130E2C8-B612-4AE1-B204-E62F509D7FC3}.Release|x64.ActiveCfg = Release|Any CPU
		{8130E2C8-B612-4AE1-B204-E62F509D7FC3}.Release|x64.Build.0 = Release|Any CPU
		{8130E2C8-B612-4AE1-B204-E62F509D7FC3}.Release|x86.ActiveCfg = Release|Any CPU
		{8130E2C8-B612-4AE1-B204-E62F509D7FC3}.Release|x86.Build.0 = Release|Any CPU
		{DAB8ED76-5D63-427E-AE9C-2F2F849F5E01}.Debug|Any CPU.ActiveCfg = Debug|Any CPU
		{DAB8ED76-5D63-427E-AE9C-2F2F849F5E01}.Debug|Any CPU.Build.0 = Debug|Any CPU
		{DAB8ED76-5D63-427E-AE9C-2F2F849F5E01}.Debug|x64.ActiveCfg = Debug|Any CPU
		{DAB8ED76-5D63-427E-AE9C-2F2F849F5E01}.Debug|x64.Build.0 = Debug|Any CPU
		{DAB8ED76-5D63-427E-AE9C-2F2F849F5E01}.Debug|x86.ActiveCfg = Debug|Any CPU
		{DAB8ED76-5D63-427E-AE9C-2F2F849F5E01}.Debug|x86.Build.0 = Debug|Any CPU
		{DAB8ED76-5D63-427E-AE9C-2F2F849F5E01}.Release|Any CPU.ActiveCfg = Release|Any CPU
		{DAB8ED76-5D63-427E-AE9C-2F2F849F5E01}.Release|Any CPU.Build.0 = Release|Any CPU
		{DAB8ED76-5D63-427E-AE9C-2F2F849F5E01}.Release|x64.ActiveCfg = Release|Any CPU
		{DAB8ED76-5D63-427E-AE9C-2F2F849F5E01}.Release|x64.Build.0 = Release|Any CPU
		{DAB8ED76-5D63-427E-AE9C-2F2F849F5E01}.Release|x86.ActiveCfg = Release|Any CPU
		{DAB8ED76-5D63-427E-AE9C-2F2F849F5E01}.Release|x86.Build.0 = Release|Any CPU
	EndGlobalSection
	GlobalSection(SolutionProperties) = preSolution
		HideSolutionNode = FALSE
	EndGlobalSection
EndGlobal
